PODS:
  - Alamofire (3.4.1)
  - GoogleMaps (1.13.2)
  - NCMB (2.3.2)
  - SDWebImage (3.8.1):
    - SDWebImage/Core (= 3.8.1)
  - SDWebImage/Core (3.8.1)
  - SlideMenuControllerSwift (2.2.0)

DEPENDENCIES:
  - Alamofire
  - GoogleMaps
  - NCMB (from `https://github.com/NIFTYCloud-mbaas/ncmb_ios.git`)
  - SDWebImage
  - SlideMenuControllerSwift

EXTERNAL SOURCES:
  NCMB:
    :git: https://github.com/NIFTYCloud-mbaas/ncmb_ios.git

CHECKOUT OPTIONS:
  NCMB:
    :commit: 0bc471b471fe23e1346607086576956507d2e35e
    :git: https://github.com/NIFTYCloud-mbaas/ncmb_ios.git

SPEC CHECKSUMS:
  Alamofire: 01a82e2f6c0f860ade35534c8dd88be61bdef40c
  GoogleMaps: b20a103ff307f58392e603cf142e59d7e30374c1
  NCMB: 0a2d8732ef733a55e8fba69f9fb3d04d442da3a9
  SDWebImage: 35f9627a3e44b4f292a8a8ce6a531fa488239b91
  SlideMenuControllerSwift: 16dac00b1aaad153e64fffb5d6969ab31ad88372

PODFILE CHECKSUM: f018b7d36b11a21dc8ed23c438a3d8d15677c4d9

COCOAPODS: 1.0.1
